
Microsoft Visual Studio Solution File, Format Version 12.00
# Visual Studio Version 17
VisualStudioVersion = 17.14.36109.1 d17.14
MinimumVisualStudioVersion = 10.0.40219.1
Project("{FAE04EC0-301F-11D3-BF4B-00C04F79EFBC}") = "SearchableIntegration", "SearchableIntegration\SearchableIntegration.csproj", "{2CEEB939-1EF4-40BA-B017-4EF09EA71562}"
EndProject
Global
	GlobalSection(SolutionConfigurationPlatforms) = preSolution
		Debug|Any CPU = Debug|Any CPU
		Release|Any CPU = Release|Any CPU
	EndGlobalSection
	GlobalSection(ProjectConfigurationPlatforms) = postSolution
		{2CEEB939-1EF4-40BA-B017-4EF09EA71562}.Debug|Any CPU.ActiveCfg = Debug|Any CPU
		{2CEEB939-1EF4-40BA-B017-4EF09EA71562}.Debug|Any CPU.Build.0 = Debug|Any CPU
		{2CEEB939-1EF4-40BA-B017-4EF09EA71562}.Release|Any CPU.ActiveCfg = Release|Any CPU
		{2CEEB939-1EF4-40BA-B017-4EF09EA71562}.Release|Any CPU.Build.0 = Release|Any CPU
	EndGlobalSection
	GlobalSection(SolutionProperties) = preSolution
		HideSolutionNode = FALSE
	EndGlobalSection
	GlobalSection(ExtensibilityGlobals) = postSolution
		SolutionGuid = {24A0B43F-88B6-4046-AB43-D58387FAC99F}
	EndGlobalSection
EndGlobal
